
Microsoft Visual Studio Solution File, Format Version 12.00
# Visual Studio Version 16
VisualStudioVersion = 16.0.30406.217
MinimumVisualStudioVersion = 10.0.40219.1
Project("{FAE04EC0-301F-11D3-BF4B-00C04F79EFBC}") = "inventario", "inventario\inventario.csproj", "{95DB0F55-BAFB-46F6-B8B0-5C548332B95F}"
EndProject
Project("{FAE04EC0-301F-11D3-BF4B-00C04F79EFBC}") = "utilidades", "utilidades\utilidades.csproj", "{4FFB0350-E436-41D5-A7B9-52E69C85A0E6}"
EndProject
Global
	GlobalSection(SolutionConfigurationPlatforms) = preSolution
		Debug|Any CPU = Debug|Any CPU
		Debug|ARM = Debug|ARM
		Debug|ARM64 = Debug|ARM64
		Debug|x64 = Debug|x64
		Debug|x86 = Debug|x86
		Release|Any CPU = Release|Any CPU
		Release|ARM = Release|ARM
		Release|ARM64 = Release|ARM64
		Release|x64 = Release|x64
		Release|x86 = Release|x86
	EndGlobalSection
	GlobalSection(ProjectConfigurationPlatforms) = postSolution
		{95DB0F55-BAFB-46F6-B8B0-5C548332B95F}.Debug|Any CPU.ActiveCfg = Debug|Any CPU
		{95DB0F55-BAFB-46F6-B8B0-5C548332B95F}.Debug|Any CPU.Build.0 = Debug|Any CPU
		{95DB0F55-BAFB-46F6-B8B0-5C548332B95F}.Debug|ARM.ActiveCfg = Debug|Any CPU
		{95DB0F55-BAFB-46F6-B8B0-5C548332B95F}.Debug|ARM.Build.0 = Debug|Any CPU
		{95DB0F55-BAFB-46F6-B8B0-5C548332B95F}.Debug|ARM64.ActiveCfg = Debug|Any CPU
		{95DB0F55-BAFB-46F6-B8B0-5C548332B95F}.Debug|ARM64.Build.0 = Debug|Any CPU
		{95DB0F55-BAFB-46F6-B8B0-5C548332B95F}.Debug|x64.ActiveCfg = Debug|Any CPU
		{95DB0F55-BAFB-46F6-B8B0-5C548332B95F}.Debug|x64.Build.0 = Debug|Any CPU
		{95DB0F55-BAFB-46F6-B8B0-5C548332B95F}.Debug|x86.ActiveCfg = Debug|Any CPU
		{95DB0F55-BAFB-46F6-B8B0-5C548332B95F}.Debug|x86.Build.0 = Debug|Any CPU
		{95DB0F55-BAFB-46F6-B8B0-5C548332B95F}.Release|Any CPU.ActiveCfg = Release|Any CPU
		{95DB0F55-BAFB-46F6-B8B0-5C548332B95F}.Release|Any CPU.Build.0 = Release|Any CPU
		{95DB0F55-BAFB-46F6-B8B0-5C548332B95F}.Release|ARM.ActiveCfg = Release|Any CPU
		{95DB0F55-BAFB-46F6-B8B0-5C548332B95F}.Release|ARM.Build.0 = Release|Any CPU
		{95DB0F55-BAFB-46F6-B8B0-5C548332B95F}.Release|ARM64.ActiveCfg = Release|Any CPU
		{95DB0F55-BAFB-46F6-B8B0-5C548332B95F}.Release|ARM64.Build.0 = Release|Any CPU
		{95DB0F55-BAFB-46F6-B8B0-5C548332B95F}.Release|x64.ActiveCfg = Release|Any CPU
		{95DB0F55-BAFB-46F6-B8B0-5C548332B95F}.Release|x64.Build.0 = Release|Any CPU
		{95DB0F55-BAFB-46F6-B8B0-5C548332B95F}.Release|x86.ActiveCfg = Release|Any CPU
		{95DB0F55-BAFB-46F6-B8B0-5C548332B95F}.Release|x86.Build.0 = Release|Any CPU
		{4FFB0350-E436-41D5-A7B9-52E69C85A0E6}.Debug|Any CPU.ActiveCfg = Debug|Any CPU
		{4FFB0350-E436-41D5-A7B9-52E69C85A0E6}.Debug|Any CPU.Build.0 = Debug|Any CPU
		{4FFB0350-E436-41D5-A7B9-52E69C85A0E6}.Debug|ARM.ActiveCfg = Debug|Any CPU
		{4FFB0350-E436-41D5-A7B9-52E69C85A0E6}.Debug|ARM.Build.0 = Debug|Any CPU
		{4FFB0350-E436-41D5-A7B9-52E69C85A0E6}.Debug|ARM64.ActiveCfg = Debug|Any CPU
		{4FFB0350-E436-41D5-A7B9-52E69C85A0E6}.Debug|ARM64.Build.0 = Debug|Any CPU
		{4FFB0350-E436-41D5-A7B9-52E69C85A0E6}.Debug|x64.ActiveCfg = Debug|Any CPU
		{4FFB0350-E436-41D5-A7B9-52E69C85A0E6}.Debug|x64.Build.0 = Debug|Any CPU
		{4FFB0350-E436-41D5-A7B9-52E69C85A0E6}.Debug|x86.ActiveCfg = Debug|Any CPU
		{4FFB0350-E436-41D5-A7B9-52E69C85A0E6}.Debug|x86.Build.0 = Debug|Any CPU
		{4FFB0350-E436-41D5-A7B9-52E69C85A0E6}.Release|Any CPU.ActiveCfg = Release|Any CPU
		{4FFB0350-E436-41D5-A7B9-52E69C85A0E6}.Release|Any CPU.Build.0 = Release|Any CPU
		{4FFB0350-E436-41D5-A7B9-52E69C85A0E6}.Release|ARM.ActiveCfg = Release|Any CPU
		{4FFB0350-E436-41D5-A7B9-52E69C85A0E6}.Release|ARM.Build.0 = Release|Any CPU
		{4FFB0350-E436-41D5-A7B9-52E69C85A0E6}.Release|ARM64.ActiveCfg = Release|Any CPU
		{4FFB0350-E436-41D5-A7B9-52E69C85A0E6}.Release|ARM64.Build.0 = Release|Any CPU
		{4FFB0350-E436-41D5-A7B9-52E69C85A0E6}.Release|x64.ActiveCfg = Release|Any CPU
		{4FFB0350-E436-41D5-A7B9-52E69C85A0E6}.Release|x64.Build.0 = Release|Any CPU
		{4FFB0350-E436-41D5-A7B9-52E69C85A0E6}.Release|x86.ActiveCfg = Release|Any CPU
		{4FFB0350-E436-41D5-A7B9-52E69C85A0E6}.Release|x86.Build.0 = Release|Any CPU
	EndGlobalSection
	GlobalSection(SolutionProperties) = preSolution
		HideSolutionNode = FALSE
	EndGlobalSection
	GlobalSection(ExtensibilityGlobals) = postSolution
		SolutionGuid = {9D31334C-5B73-4893-A4A6-77ABB469B3D0}
	EndGlobalSection
EndGlobal
